
Microsoft Visual Studio Solution File, Format Version 12.00
# Visual Studio 15
VisualStudioVersion = 15.0.27703.2026
MinimumVisualStudioVersion = 10.0.40219.1
Project("{FAE04EC0-301F-11D3-BF4B-00C04F79EFBC}") = "PhoneBookApp", "PhoneBookApp\PhoneBookApp.csproj", "{9E99577E-411A-41C4-AE06-F06A68763AD0}"
EndProject
Global
	GlobalSection(SolutionConfigurationPlatforms) = preSolution
		Debug|Any CPU = Debug|Any CPU
		Release|Any CPU = Release|Any CPU
	EndGlobalSection
	GlobalSection(ProjectConfigurationPlatforms) = postSolution
		{9E99577E-411A-41C4-AE06-F06A68763AD0}.Debug|Any CPU.ActiveCfg = Debug|Any CPU
		{9E99577E-411A-41C4-AE06-F06A68763AD0}.Debug|Any CPU.Build.0 = Debug|Any CPU
		{9E99577E-411A-41C4-AE06-F06A68763AD0}.Release|Any CPU.ActiveCfg = Release|Any CPU
		{9E99577E-411A-41C4-AE06-F06A68763AD0}.Release|Any CPU.Build.0 = Release|Any CPU
	EndGlobalSection
	GlobalSection(SolutionProperties) = preSolution
		HideSolutionNode = FALSE
	EndGlobalSection
	GlobalSection(ExtensibilityGlobals) = postSolution
		SolutionGuid = {C69C89E1-76D4-44B2-9346-A3CE327BF405}
	EndGlobalSection
EndGlobal
